lockfileVersion: '9.0'

settings:
  autoInstallPeers: true
  excludeLinksFromLockfile: false

importers:
  .:
    devDependencies:
      prettier:
        specifier: ^3.1.0
        version: 3.1.0
      prettier-plugin-go-template:
        specifier: ^0.0.15
        version: 0.0.15(prettier@3.1.0)

packages:
  prettier-plugin-go-template@0.0.15:
    resolution:
      {
        integrity: sha512-WqU92E1NokWYNZ9mLE6ijoRg6LtIGdLMePt2C7UBDjXeDH9okcRI3zRqtnWR4s5AloiqyvZ66jNBAa9tmRY5EQ==,
      }
    engines: { node: '>=14.0.0' }
    peerDependencies:
      prettier: ^3.0.0

  prettier@3.1.0:
    resolution:
      {
        integrity: sha512-TQLvXjq5IAibjh8EpBIkNKxO749UEWABoiIZehEPiY4GNpVdhaFKqSTu+QrlU6D2dPAfubRmtJTi4K4YkQ5eXw==,
      }
    engines: { node: '>=14' }
    hasBin: true

  ulid@2.3.0:
    resolution:
      {
        integrity: sha512-keqHubrlpvT6G2wH0OEfSW4mquYRcbe/J8NMmveoQOjUqmo+hXtO+ORCpWhdbZ7k72UtY61BL7haGxW6enBnjw==,
      }
    hasBin: true

snapshots:
  prettier-plugin-go-template@0.0.15(prettier@3.1.0):
    dependencies:
      prettier: 3.1.0
      ulid: 2.3.0

  prettier@3.1.0: {}

  ulid@2.3.0: {}
